
Microsoft Visual Studio Solution File, Format Version 12.00
# Visual Studio Version 17
VisualStudioVersion = 17.5.33516.290
MinimumVisualStudioVersion = 10.0.40219.1
Project("{9A19103F-16F7-4668-BE54-9A1E7A4F7556}") = "WebSocketMessenger.API", "WebSocketMessenger.API\WebSocketMessenger.API.csproj", "{A168A802-5733-4A49-A0FB-087DF29E4F1D}"
EndProject
Project("{9A19103F-16F7-4668-BE54-9A1E7A4F7556}") = "WebSocketMessenger.Infrastructure", "WebSocketMessenger.Infrastructure\WebSocketMessenger.Infrastructure.csproj", "{E594903E-D1AD-4D73-BCD2-7FA28B6B09F8}"
EndProject
Project("{9A19103F-16F7-4668-BE54-9A1E7A4F7556}") = "WebSocketMessenger.UseCases", "WebSocketMessenger.UseCases\WebSocketMessenger.UseCases.csproj", "{8665E2E2-AB73-4CEB-AC9C-703667277A14}"
EndProject
Project("{9A19103F-16F7-4668-BE54-9A1E7A4F7556}") = "WebSocketMessenger.Core", "WebSocketMessenger.Core\WebSocketMessenger.Core.csproj", "{0847ACE3-5B61-4DD6-8643-C1FF74C7DA27}"
EndProject
Project("{E53339B2-1760-4266-BCC7-CA923CBCF16C}") = "docker-compose", "docker-compose.dcproj", "{886D88B3-B158-4010-98AB-F94C92099A99}"
EndProject
Project("{2150E333-8FDC-42A3-9474-1A3956D46DE8}") = "Tests", "Tests", "{80218B8B-6C69-4F5D-9BC7-56218A01CCDD}"
EndProject
Project("{FAE04EC0-301F-11D3-BF4B-00C04F79EFBC}") = "UseCasesTest", "..\UseCasesTest\UseCasesTest.csproj", "{73C41D2E-7913-40BE-940D-C2A73DEEF34B}"
EndProject
Global
	GlobalSection(SolutionConfigurationPlatforms) = preSolution
		Debug|Any CPU = Debug|Any CPU
		Release|Any CPU = Release|Any CPU
	EndGlobalSection
	GlobalSection(ProjectConfigurationPlatforms) = postSolution
		{A168A802-5733-4A49-A0FB-087DF29E4F1D}.Debug|Any CPU.ActiveCfg = Debug|Any CPU
		{A168A802-5733-4A49-A0FB-087DF29E4F1D}.Debug|Any CPU.Build.0 = Debug|Any CPU
		{A168A802-5733-4A49-A0FB-087DF29E4F1D}.Release|Any CPU.ActiveCfg = Release|Any CPU
		{A168A802-5733-4A49-A0FB-087DF29E4F1D}.Release|Any CPU.Build.0 = Release|Any CPU
		{E594903E-D1AD-4D73-BCD2-7FA28B6B09F8}.Debug|Any CPU.ActiveCfg = Debug|Any CPU
		{E594903E-D1AD-4D73-BCD2-7FA28B6B09F8}.Debug|Any CPU.Build.0 = Debug|Any CPU
		{E594903E-D1AD-4D73-BCD2-7FA28B6B09F8}.Release|Any CPU.ActiveCfg = Release|Any CPU
		{E594903E-D1AD-4D73-BCD2-7FA28B6B09F8}.Release|Any CPU.Build.0 = Release|Any CPU
		{8665E2E2-AB73-4CEB-AC9C-703667277A14}.Debug|Any CPU.ActiveCfg = Debug|Any CPU
		{8665E2E2-AB73-4CEB-AC9C-703667277A14}.Debug|Any CPU.Build.0 = Debug|Any CPU
		{8665E2E2-AB73-4CEB-AC9C-703667277A14}.Release|Any CPU.ActiveCfg = Release|Any CPU
		{8665E2E2-AB73-4CEB-AC9C-703667277A14}.Release|Any CPU.Build.0 = Release|Any CPU
		{0847ACE3-5B61-4DD6-8643-C1FF74C7DA27}.Debug|Any CPU.ActiveCfg = Debug|Any CPU
		{0847ACE3-5B61-4DD6-8643-C1FF74C7DA27}.Debug|Any CPU.Build.0 = Debug|Any CPU
		{0847ACE3-5B61-4DD6-8643-C1FF74C7DA27}.Release|Any CPU.ActiveCfg = Release|Any CPU
		{0847ACE3-5B61-4DD6-8643-C1FF74C7DA27}.Release|Any CPU.Build.0 = Release|Any CPU
		{886D88B3-B158-4010-98AB-F94C92099A99}.Debug|Any CPU.ActiveCfg = Debug|Any CPU
		{886D88B3-B158-4010-98AB-F94C92099A99}.Debug|Any CPU.Build.0 = Debug|Any CPU
		{886D88B3-B158-4010-98AB-F94C92099A99}.Release|Any CPU.ActiveCfg = Release|Any CPU
		{886D88B3-B158-4010-98AB-F94C92099A99}.Release|Any CPU.Build.0 = Release|Any CPU
		{73C41D2E-7913-40BE-940D-C2A73DEEF34B}.Debug|Any CPU.ActiveCfg = Debug|Any CPU
		{73C41D2E-7913-40BE-940D-C2A73DEEF34B}.Debug|Any CPU.Build.0 = Debug|Any CPU
		{73C41D2E-7913-40BE-940D-C2A73DEEF34B}.Release|Any CPU.ActiveCfg = Release|Any CPU
		{73C41D2E-7913-40BE-940D-C2A73DEEF34B}.Release|Any CPU.Build.0 = Release|Any CPU
	EndGlobalSection
	GlobalSection(SolutionProperties) = preSolution
		HideSolutionNode = FALSE
	EndGlobalSection
	GlobalSection(NestedProjects) = preSolution
		{73C41D2E-7913-40BE-940D-C2A73DEEF34B} = {80218B8B-6C69-4F5D-9BC7-56218A01CCDD}
	EndGlobalSection
	GlobalSection(ExtensibilityGlobals) = postSolution
		SolutionGuid = {12D7703E-BBCF-4C9E-A19C-59A8956FC7F1}
	EndGlobalSection
EndGlobal
